
Microsoft Visual Studio Solution File, Format Version 12.00
# Visual Studio Version 16
VisualStudioVersion = 16.0.31112.23
MinimumVisualStudioVersion = 10.0.40219.1
Project("{FAE04EC0-301F-11D3-BF4B-00C04F79EFBC}") = "ImageResizingApp", "ImageResizingApp\ImageResizingApp.csproj", "{A7B2C9E0-312F-464F-8235-884859C6DF19}"
EndProject
Global
	GlobalSection(SolutionConfigurationPlatforms) = preSolution
		Debug|Any CPU = Debug|Any CPU
		Release|Any CPU = Release|Any CPU
	EndGlobalSection
	GlobalSection(ProjectConfigurationPlatforms) = postSolution
		{A7B2C9E0-312F-464F-8235-884859C6DF19}.Debug|Any CPU.ActiveCfg = Debug|Any CPU
		{A7B2C9E0-312F-464F-8235-884859C6DF19}.Debug|Any CPU.Build.0 = Debug|Any CPU
		{A7B2C9E0-312F-464F-8235-884859C6DF19}.Release|Any CPU.ActiveCfg = Release|Any CPU
		{A7B2C9E0-312F-464F-8235-884859C6DF19}.Release|Any CPU.Build.0 = Release|Any CPU
	EndGlobalSection
	GlobalSection(SolutionProperties) = preSolution
		HideSolutionNode = FALSE
	EndGlobalSection
	GlobalSection(ExtensibilityGlobals) = postSolution
		SolutionGuid = {E1081343-422C-4622-97FA-7D16D811BE6A}
	EndGlobalSection
EndGlobal
